
Microsoft Visual Studio Solution File, Format Version 12.00
# Visual Studio 15
VisualStudioVersion = 15.0.28307.1401
MinimumVisualStudioVersion = 10.0.40219.1
Project("{FAE04EC0-301F-11D3-BF4B-00C04F79EFBC}") = "DiscordBot", "DiscordBot\DiscordBot.csproj", "{FA06E2F6-15CE-437B-8E31-51BF96DB586A}"
EndProject
Global
	GlobalSection(SolutionConfigurationPlatforms) = preSolution
		Debug|Any CPU = Debug|Any CPU
		Release|Any CPU = Release|Any CPU
	EndGlobalSection
	GlobalSection(ProjectConfigurationPlatforms) = postSolution
		{FA06E2F6-15CE-437B-8E31-51BF96DB586A}.Debug|Any CPU.ActiveCfg = Debug|Any CPU
		{FA06E2F6-15CE-437B-8E31-51BF96DB586A}.Debug|Any CPU.Build.0 = Debug|Any CPU
		{FA06E2F6-15CE-437B-8E31-51BF96DB586A}.Release|Any CPU.ActiveCfg = Release|Any CPU
		{FA06E2F6-15CE-437B-8E31-51BF96DB586A}.Release|Any CPU.Build.0 = Release|Any CPU
	EndGlobalSection
	GlobalSection(SolutionProperties) = preSolution
		HideSolutionNode = FALSE
	EndGlobalSection
	GlobalSection(ExtensibilityGlobals) = postSolution
		SolutionGuid = {F0CA86FC-C5EE-40C3-AB5C-5B0EB3FE3A5C}
	EndGlobalSection
EndGlobal
